
Microsoft Visual Studio Solution File, Format Version 12.00
# Visual Studio Version 16
VisualStudioVersion = 16.0.29613.14
MinimumVisualStudioVersion = 10.0.40219.1
Project("{FAE04EC0-301F-11D3-BF4B-00C04F79EFBC}") = "Operations", "PolymorphismLab\Operations.csproj", "{506B79E9-B889-469D-87A2-B5ED19080193}"
EndProject
Project("{FAE04EC0-301F-11D3-BF4B-00C04F79EFBC}") = "Animals", "Animals\Animals.csproj", "{BDC9846A-11CA-4F66-BE84-E9E87708C751}"
EndProject
Project("{FAE04EC0-301F-11D3-BF4B-00C04F79EFBC}") = "Shapes", "Shapes\Shapes.csproj", "{8167BFCD-CEB1-474A-9128-BCF837D24B7F}"
EndProject
Global
	GlobalSection(SolutionConfigurationPlatforms) = preSolution
		Debug|Any CPU = Debug|Any CPU
		Release|Any CPU = Release|Any CPU
	EndGlobalSection
	GlobalSection(ProjectConfigurationPlatforms) = postSolution
		{506B79E9-B889-469D-87A2-B5ED19080193}.Debug|Any CPU.ActiveCfg = Debug|Any CPU
		{506B79E9-B889-469D-87A2-B5ED19080193}.Debug|Any CPU.Build.0 = Debug|Any CPU
		{506B79E9-B889-469D-87A2-B5ED19080193}.Release|Any CPU.ActiveCfg = Release|Any CPU
		{506B79E9-B889-469D-87A2-B5ED19080193}.Release|Any CPU.Build.0 = Release|Any CPU
		{BDC9846A-11CA-4F66-BE84-E9E87708C751}.Debug|Any CPU.ActiveCfg = Debug|Any CPU
		{BDC9846A-11CA-4F66-BE84-E9E87708C751}.Debug|Any CPU.Build.0 = Debug|Any CPU
		{BDC9846A-11CA-4F66-BE84-E9E87708C751}.Release|Any CPU.ActiveCfg = Release|Any CPU
		{BDC9846A-11CA-4F66-BE84-E9E87708C751}.Release|Any CPU.Build.0 = Release|Any CPU
		{8167BFCD-CEB1-474A-9128-BCF837D24B7F}.Debug|Any CPU.ActiveCfg = Debug|Any CPU
		{8167BFCD-CEB1-474A-9128-BCF837D24B7F}.Debug|Any CPU.Build.0 = Debug|Any CPU
		{8167BFCD-CEB1-474A-9128-BCF837D24B7F}.Release|Any CPU.ActiveCfg = Release|Any CPU
		{8167BFCD-CEB1-474A-9128-BCF837D24B7F}.Release|Any CPU.Build.0 = Release|Any CPU
	EndGlobalSection
	GlobalSection(SolutionProperties) = preSolution
		HideSolutionNode = FALSE
	EndGlobalSection
	GlobalSection(ExtensibilityGlobals) = postSolution
		SolutionGuid = {46DE61D4-37A5-4A64-BFFA-0D2519833DEE}
	EndGlobalSection
EndGlobal
